// !$*UTF8*$!
{
	archiveVersion = 1;
	classes = {
	};
	objectVersion = 55;
	objects = {

/* Begin PBXBuildFile section */
		03832C5227A5134B008F6399 /* ageApp.swift in Sources */ = {isa = PBXBuildFile; fileRef = 03832C5127A5134B008F6399 /* ageApp.swift */; };
		03832C5427A5134B008F6399 /* ContentView.swift in Sources */ = {isa = PBXBuildFile; fileRef = 03832C5327A5134B008F6399 /* ContentView.swift */; };
		03832C5627A5134E008F6399 /* Assets.xcassets in Resources */ = {isa = PBXBuildFile; fileRef = 03832C5527A5134E008F6399 /* Assets.xcassets */; };
		03832C5927A5134E008F6399 /* Preview Assets.xcassets in Resources */ = {isa = PBXBuildFile; fileRef = 03832C5827A5134E008F6399 /* Preview Assets.xcassets */; };
		03832C6327A5134E008F6399 /* ageTests.swift in Sources */ = {isa = PBXBuildFile; fileRef = 03832C6227A5134E008F6399 /* ageTests.swift */; };
		03832C6D27A5134E008F6399 /* ageUITests.swift in Sources */ = {isa = PBXBuildFile; fileRef = 03832C6C27A5134E008F6399 /* ageUITests.swift */; };
		03832C6F27A5134E008F6399 /* ageUITestsLaunchTests.swift in Sources */ = {isa = PBXBuildFile; fileRef = 03832C6E27A5134E008F6399 /* ageUITestsLaunchTests.swift */; };
/* End PBXBuildFile section */

/* Begin PBXContainerItemProxy section */
		03832C5F27A5134E008F6399 /* PBXContainerItemProxy */ = {
			isa = PBXContainerItemProxy;
			containerPortal = 03832C4627A5134B008F6399 /* Project object */;
			proxyType = 1;
			remoteGlobalIDString = 03832C4D27A5134B008F6399;
			remoteInfo = age;
		};
		03832C6927A5134E008F6399 /* PBXContainerItemProxy */ = {
			isa = PBXContainerItemProxy;
			containerPortal = 03832C4627A5134B008F6399 /* Project object */;
			proxyType = 1;
			remoteGlobalIDString = 03832C4D27A5134B008F6399;
			remoteInfo = age;
		};
/* End PBXContainerItemProxy section */

/* Begin PBXFileReference section */
		03832C4E27A5134B008F6399 /* age.app */ = {isa = PBXFileReference; explicitFileType = wrapper.application; includeInIndex = 0; path = age.app; sourceTree = BUILT_PRODUCTS_DIR; };
		03832C5127A5134B008F6399 /* ageApp.swift */ = {isa = PBXFileReference; lastKnownFileType = sourcecode.swift; path = ageApp.swift; sourceTree = "<group>"; };
		03832C5327A5134B008F6399 /* ContentView.swift */ = {isa = PBXFileReference; lastKnownFileType = sourcecode.swift; path = ContentView.swift; sourceTree = "<group>"; };
		03832C5527A5134E008F6399 /* Assets.xcassets */ = {isa = PBXFileReference; lastKnownFileType = folder.assetcatalog; path = Assets.xcassets; sourceTree = "<group>"; };
		03832C5827A5134E008F6399 /* Preview Assets.xcassets */ = {isa = PBXFileReference; lastKnownFileType = folder.assetcatalog; path = "Preview Assets.xcassets"; sourceTree = "<group>"; };
		03832C5E27A5134E008F6399 /* ageTests.xctest */ = {isa = PBXFileReference; explicitFileType = wrapper.cfbundle; includeInIndex = 0; path = ageTests.xctest; sourceTree = BUILT_PRODUCTS_DIR; };
		03832C6227A5134E008F6399 /* ageTests.swift */ = {isa = PBXFileReference; lastKnownFileType = sourcecode.swift; path = ageTests.swift; sourceTree = "<group>"; };
		03832C6827A5134E008F6399 /* ageUITests.xctest */ = {isa = PBXFileReference; explicitFileType = wrapper.cfbundle; includeInIndex = 0; path = ageUITests.xctest; sourceTree = BUILT_PRODUCTS_DIR; };
		03832C6C27A5134E008F6399 /* ageUITests.swift */ = {isa = PBXFileReference; lastKnownFileType = sourcecode.swift; path = ageUITests.swift; sourceTree = "<group>"; };
		03832C6E27A5134E008F6399 /* ageUITestsLaunchTests.swift */ = {isa = PBXFileReference; lastKnownFileType = sourcecode.swift; path = ageUITestsLaunchTests.swift; sourceTree = "<group>"; };
/* End PBXFileReference section */

/* Begin PBXFrameworksBuildPhase section */
		03832C4B27A5134B008F6399 /* Frameworks */ = {
			isa = PBXFrameworksBuildPhase;
			buildActionMask = 2147483647;
			files = (
			);
			runOnlyForDeploymentPostprocessing = 0;
		};
		03832C5B27A5134E008F6399 /* Frameworks */ = {
			isa = PBXFrameworksBuildPhase;
			buildActionMask = 2147483647;
			files = (
			);
			runOnlyForDeploymentPostprocessing = 0;
		};
		03832C6527A5134E008F6399 /* Frameworks */ = {
			isa = PBXFrameworksBuildPhase;
			buildActionMask = 2147483647;
			files = (
			);
			runOnlyForDeploymentPostprocessing = 0;
		};
/* End PBXFrameworksBuildPhase section */

/* Begin PBXGroup section */
		03832C4527A5134B008F6399 = {
			isa = PBXGroup;
			children = (
				03832C5027A5134B008F6399 /* age */,
				03832C6127A5134E008F6399 /* ageTests */,
				03832C6B27A5134E008F6399 /* ageUITests */,
				03832C4F27A5134B008F6399 /* Products */,
			);
			sourceTree = "<group>";
		};
		03832C4F27A5134B008F6399 /* Products */ = {
			isa = PBXGroup;
			children = (
				03832C4E27A5134B008F6399 /* age.app */,
				03832C5E27A5134E008F6399 /* ageTests.xctest */,
				03832C6827A5134E008F6399 /* ageUITests.xctest */,
			);
			name = Products;
			sourceTree = "<group>";
		};
		03832C5027A5134B008F6399 /* age */ = {
			isa = PBXGroup;
			children = (
				03832C5127A5134B008F6399 /* ageApp.swift */,
				03832C5327A5134B008F6399 /* ContentView.swift */,
				03832C5527A5134E008F6399 /* Assets.xcassets */,
				03832C5727A5134E008F6399 /* Preview Content */,
			);
			path = age;
			sourceTree = "<group>";
		};
		03832C5727A5134E008F6399 /* Preview Content */ = {
			isa = PBXGroup;
			children = (
				03832C5827A5134E008F6399 /* Preview Assets.xcassets */,
			);
			path = "Preview Content";
			sourceTree = "<group>";
		};
		03832C6127A5134E008F6399 /* ageTests */ = {
			isa = PBXGroup;
			children = (
				03832C6227A5134E008F6399 /* ageTests.swift */,
			);
			path = ageTests;
			sourceTree = "<group>";
		};
		03832C6B27A5134E008F6399 /* ageUITests */ = {
			isa = PBXGroup;
			children = (
				03832C6C27A5134E008F6399 /* ageUITests.swift */,
				03832C6E27A5134E008F6399 /* ageUITestsLaunchTests.swift */,
			);
			path = ageUITests;
			sourceTree = "<group>";
		};
/* End PBXGroup section */

/* Begin PBXNativeTarget section */
		03832C4D27A5134B008F6399 /* age */ = {
			isa = PBXNativeTarget;
			buildConfigurationList = 03832C7227A5134E008F6399 /* Build configuration list for PBXNativeTarget "age" */;
			buildPhases = (
				03832C4A27A5134B008F6399 /* Sources */,
				03832C4B27A5134B008F6399 /* Frameworks */,
				03832C4C27A5134B008F6399 /* Resources */,
			);
			buildRules = (
			);
			dependencies = (
			);
			name = age;
			productName = age;
			productReference = 03832C4E27A5134B008F6399 /* age.app */;
			productType = "com.apple.product-type.application";
		};
		03832C5D27A5134E008F6399 /* ageTests */ = {
			isa = PBXNativeTarget;
			buildConfigurationList = 03832C7527A5134E008F6399 /* Build configuration list for PBXNativeTarget "ageTests" */;
			buildPhases = (
				03832C5A27A5134E008F6399 /* Sources */,
				03832C5B27A5134E008F6399 /* Frameworks */,
				03832C5C27A5134E008F6399 /* Resources */,
			);
			buildRules = (
			);
			dependencies = (
				03832C6027A5134E008F6399 /* PBXTargetDependency */,
			);
			name = ageTests;
			productName = ageTests;
			productReference = 03832C5E27A5134E008F6399 /* ageTests.xctest */;
			productType = "com.apple.product-type.bundle.unit-test";
		};
		03832C6727A5134E008F6399 /* ageUITests */ = {
			isa = PBXNativeTarget;
			buildConfigurationList = 03832C7827A5134E008F6399 /* Build configuration list for PBXNativeTarget "ageUITests" */;
			buildPhases = (
				03832C6427A5134E008F6399 /* Sources */,
				03832C6527A5134E008F6399 /* Frameworks */,
				03832C6627A5134E008F6399 /* Resources */,
			);
			buildRules = (
			);
			dependencies = (
				03832C6A27A5134E008F6399 /* PBXTargetDependency */,
			);
			name = ageUITests;
			productName = ageUITests;
			productReference = 03832C6827A5134E008F6399 /* ageUITests.xctest */;
			productType = "com.apple.product-type.bundle.ui-testing";
		};
/* End PBXNativeTarget section */

/* Begin PBXProject section */
		03832C4627A5134B008F6399 /* Project object */ = {
			isa = PBXProject;
			attributes = {
				BuildIndependentTargetsInParallel = 1;
				LastSwiftUpdateCheck = 1310;
				LastUpgradeCheck = 1310;
				TargetAttributes = {
					03832C4D27A5134B008F6399 = {
						CreatedOnToolsVersion = 13.1;
					};
					03832C5D27A5134E008F6399 = {
						CreatedOnToolsVersion = 13.1;
						TestTargetID = 03832C4D27A5134B008F6399;
					};
					03832C6727A5134E008F6399 = {
						CreatedOnToolsVersion = 13.1;
						TestTargetID = 03832C4D27A5134B008F6399;
					};
				};
			};
			buildConfigurationList = 03832C4927A5134B008F6399 /* Build configuration list for PBXProject "age" */;
			compatibilityVersion = "Xcode 13.0";
			developmentRegion = en;
			hasScannedForEncodings = 0;
			knownRegions = (
				en,
				Base,
			);
			mainGroup = 03832C4527A5134B008F6399;
			productRefGroup = 03832C4F27A5134B008F6399 /* Products */;
			projectDirPath = "";
			projectRoot = "";
			targets = (
				03832C4D27A5134B008F6399 /* age */,
				03832C5D27A5134E008F6399 /* ageTests */,
				03832C6727A5134E008F6399 /* ageUITests */,
			);
		};
/* End PBXProject section */

/* Begin PBXResourcesBuildPhase section */
		03832C4C27A5134B008F6399 /* Resources */ = {
			isa = PBXResourcesBuildPhase;
			buildActionMask = 2147483647;
			files = (
				03832C5927A5134E008F6399 /* Preview Assets.xcassets in Resources */,
				03832C5627A5134E008F6399 /* Assets.xcassets in Resources */,
			);
			runOnlyForDeploymentPostprocessing = 0;
		};
		03832C5C27A5134E008F6399 /* Resources */ = {
			isa = PBXResourcesBuildPhase;
			buildActionMask = 2147483647;
			files = (
			);
			runOnlyForDeploymentPostprocessing = 0;
		};
		03832C6627A5134E008F6399 /* Resources */ = {
			isa = PBXResourcesBuildPhase;
			buildActionMask = 2147483647;
			files = (
			);
			runOnlyForDeploymentPostprocessing = 0;
		};
/* End PBXResourcesBuildPhase section */

/* Begin PBXSourcesBuildPhase section */
		03832C4A27A5134B008F6399 /* Sources */ = {
			isa = PBXSourcesBuildPhase;
			buildActionMask = 2147483647;
			files = (
				03832C5427A5134B008F6399 /* ContentView.swift in Sources */,
				03832C5227A5134B008F6399 /* ageApp.swift in Sources */,
			);
			runOnlyForDeploymentPostprocessing = 0;
		};
		03832C5A27A5134E008F6399 /* Sources */ = {
			isa = PBXSourcesBuildPhase;
			buildActionMask = 2147483647;
			files = (
				03832C6327A5134E008F6399 /* ageTests.swift in Sources */,
			);
			runOnlyForDeploymentPostprocessing = 0;
		};
		03832C6427A5134E008F6399 /* Sources */ = {
			isa = PBXSourcesBuildPhase;
			buildActionMask = 2147483647;
			files = (
				03832C6F27A5134E008F6399 /* ageUITestsLaunchTests.swift in Sources */,
				03832C6D27A5134E008F6399 /* ageUITests.swift in Sources */,
			);
			runOnlyForDeploymentPostprocessing = 0;
		};
/* End PBXSourcesBuildPhase section */

/* Begin PBXTargetDependency section */
		03832C6027A5134E008F6399 /* PBXTargetDependency */ = {
			isa = PBXTargetDependency;
			target = 03832C4D27A5134B008F6399 /* age */;
			targetProxy = 03832C5F27A5134E008F6399 /* PBXContainerItemProxy */;
		};
		03832C6A27A5134E008F6399 /* PBXTargetDependency */ = {
			isa = PBXTargetDependency;
			target = 03832C4D27A5134B008F6399 /* age */;
			targetProxy = 03832C6927A5134E008F6399 /* PBXContainerItemProxy */;
		};
/* End PBXTargetDependency section */

/* Begin XCBuildConfiguration section */
		03832C7027A5134E008F6399 /* Debug */ = {
			isa = XCBuildConfiguration;
			buildSettings = {
				ALWAYS_SEARCH_USER_PATHS = NO;
				CLANG_ANALYZER_NONNULL = YES;
				CLANG_ANALYZER_NUMBER_OBJECT_CONVERSION = YES_AGGRESSIVE;
				CLANG_CXX_LANGUAGE_STANDARD = "gnu++17";
				CLANG_CXX_LIBRARY = "libc++";
				CLANG_ENABLE_MODULES = YES;
				CLANG_ENABLE_OBJC_ARC = YES;
				CLANG_ENABLE_OBJC_WEAK = YES;
				CLANG_WARN_BLOCK_CAPTURE_AUTORELEASING = YES;
				CLANG_WARN_BOOL_CONVERSION = YES;
				CLANG_WARN_COMMA = YES;
				CLANG_WARN_CONSTANT_CONVERSION = YES;
				CLANG_WARN_DEPRECATED_OBJC_IMPLEMENTATIONS = YES;
				CLANG_WARN_DIRECT_OBJC_ISA_USAGE = YES_ERROR;
				CLANG_WARN_DOCUMENTATION_COMMENTS = YES;
				CLANG_WARN_EMPTY_BODY = YES;
				CLANG_WARN_ENUM_CONVERSION = YES;
				CLANG_WARN_INFINITE_RECURSION = YES;
				CLANG_WARN_INT_CONVERSION = YES;
				CLANG_WARN_NON_LITERAL_NULL_CONVERSION = YES;
				CLANG_WARN_OBJC_IMPLICIT_RETAIN_SELF = YES;
				CLANG_WARN_OBJC_LITERAL_CONVERSION = YES;
				CLANG_WARN_OBJC_ROOT_CLASS = YES_ERROR;
				CLANG_WARN_QUOTED_INCLUDE_IN_FRAMEWORK_HEADER = YES;
				CLANG_WARN_RANGE_LOOP_ANALYSIS = YES;
				CLANG_WARN_STRICT_PROTOTYPES = YES;
				CLANG_WARN_SUSPICIOUS_MOVE = YES;
				CLANG_WARN_UNGUARDED_AVAILABILITY = YES_AGGRESSIVE;
				CLANG_WARN_UNREACHABLE_CODE = YES;
				CLANG_WARN__DUPLICATE_METHOD_MATCH = YES;
				COPY_PHASE_STRIP = NO;
				DEBUG_INFORMATION_FORMAT = dwarf;
				ENABLE_STRICT_OBJC_MSGSEND = YES;
				ENABLE_TESTABILITY = YES;
				GCC_C_LANGUAGE_STANDARD = gnu11;
				GCC_DYNAMIC_NO_PIC = NO;
				GCC_NO_COMMON_BLOCKS = YES;
				GCC_OPTIMIZATION_LEVEL = 0;
				GCC_PREPROCESSOR_DEFINITIONS = (
					"DEBUG=1",
					"$(inherited)",
				);
				GCC_WARN_64_TO_32_BIT_CONVERSION = YES;
				GCC_WARN_ABOUT_RETURN_TYPE = YES_ERROR;
				GCC_WARN_UNDECLARED_SELECTOR = YES;
				GCC_WARN_UNINITIALIZED_AUTOS = YES_AGGRESSIVE;
				GCC_WARN_UNUSED_FUNCTION = YES;
				GCC_WARN_UNUSED_VARIABLE = YES;
				IPHONEOS_DEPLOYMENT_TARGET = 15.0;
				MTL_ENABLE_DEBUG_INFO = INCLUDE_SOURCE;
				MTL_FAST_MATH = YES;
				ONLY_ACTIVE_ARCH = YES;
				SDKROOT = iphoneos;
				SWIFT_ACTIVE_COMPILATION_CONDITIONS = DEBUG;
				SWIFT_OPTIMIZATION_LEVEL = "-Onone";
			};
			name = Debug;
		};
		03832C7127A5134E008F6399 /* Release */ = {
			isa = XCBuildConfiguration;
			buildSettings = {
				ALWAYS_SEARCH_USER_PATHS = NO;
				CLANG_ANALYZER_NONNULL = YES;
				CLANG_ANALYZER_NUMBER_OBJECT_CONVERSION = YES_AGGRESSIVE;
				CLANG_CXX_LANGUAGE_STANDARD = "gnu++17";
				CLANG_CXX_LIBRARY = "libc++";
				CLANG_ENABLE_MODULES = YES;
				CLANG_ENABLE_OBJC_ARC = YES;
				CLANG_ENABLE_OBJC_WEAK = YES;
				CLANG_WARN_BLOCK_CAPTURE_AUTORELEASING = YES;
				CLANG_WARN_BOOL_CONVERSION = YES;
				CLANG_WARN_COMMA = YES;
				CLANG_WARN_CONSTANT_CONVERSION = YES;
				CLANG_WARN_DEPRECATED_OBJC_IMPLEMENTATIONS = YES;
				CLANG_WARN_DIRECT_OBJC_ISA_USAGE = YES_ERROR;
				CLANG_WARN_DOCUMENTATION_COMMENTS = YES;
				CLANG_WARN_EMPTY_BODY = YES;
				CLANG_WARN_ENUM_CONVERSION = YES;
				CLANG_WARN_INFINITE_RECURSION = YES;
				CLANG_WARN_INT_CONVERSION = YES;
				CLANG_WARN_NON_LITERAL_NULL_CONVERSION = YES;
				CLANG_WARN_OBJC_IMPLICIT_RETAIN_SELF = YES;
				CLANG_WARN_OBJC_LITERAL_CONVERSION = YES;
				CLANG_WARN_OBJC_ROOT_CLASS = YES_ERROR;
				CLANG_WARN_QUOTED_INCLUDE_IN_FRAMEWORK_HEADER = YES;
				CLANG_WARN_RANGE_LOOP_ANALYSIS = YES;
				CLANG_WARN_STRICT_PROTOTYPES = YES;
				CLANG_WARN_SUSPICIOUS_MOVE = YES;
				CLANG_WARN_UNGUARDED_AVAILABILITY = YES_AGGRESSIVE;
				CLANG_WARN_UNREACHABLE_CODE = YES;
				CLANG_WARN__DUPLICATE_METHOD_MATCH = YES;
				COPY_PHASE_STRIP = NO;
				DEBUG_INFORMATION_FORMAT = "dwarf-with-dsym";
				ENABLE_NS_ASSERTIONS = NO;
				ENABLE_STRICT_OBJC_MSGSEND = YES;
				GCC_C_LANGUAGE_STANDARD = gnu11;
				GCC_NO_COMMON_BLOCKS = YES;
				GCC_WARN_64_TO_32_BIT_CONVERSION = YES;
				GCC_WARN_ABOUT_RETURN_TYPE = YES_ERROR;
				GCC_WARN_UNDECLARED_SELECTOR = YES;
				GCC_WARN_UNINITIALIZED_AUTOS = YES_AGGRESSIVE;
				GCC_WARN_UNUSED_FUNCTION = YES;
				GCC_WARN_UNUSED_VARIABLE = YES;
				IPHONEOS_DEPLOYMENT_TARGET = 15.0;
				MTL_ENABLE_DEBUG_INFO = NO;
				MTL_FAST_MATH = YES;
				SDKROOT = iphoneos;
				SWIFT_COMPILATION_MODE = wholemodule;
				SWIFT_OPTIMIZATION_LEVEL = "-O";
				VALIDATE_PRODUCT = YES;
			};
			name = Release;
		};
		03832C7327A5134E008F6399 /* Debug */ = {
			isa = XCBuildConfiguration;
			buildSettings = {
				ASSETCATALOG_COMPILER_APPICON_NAME = AppIcon;
				ASSETCATALOG_COMPILER_GLOBAL_ACCENT_COLOR_NAME = AccentColor;
				CODE_SIGN_STYLE = Automatic;
				CURRENT_PROJECT_VERSION = 1;
				DEVELOPMENT_ASSET_PATHS = "\"age/Preview Content\"";
				DEVELOPMENT_TEAM = HEZ8494358;
				ENABLE_PREVIEWS = YES;
				GENERATE_INFOPLIST_FILE = YES;
				INFOPLIST_KEY_UIApplicationSceneManifest_Generation = YES;
				INFOPLIST_KEY_UIApplicationSupportsIndirectInputEvents = YES;
				INFOPLIST_KEY_UILaunchScreen_Generation = YES;
				INFOPLIST_KEY_UISupportedInterfaceOrientations_iPad = "UIInterfaceOrientationPortrait UIInterfaceOrientationPortraitUpsideDown UIInterfaceOrientationLandscapeLeft UIInterfaceOrientationLandscapeRight";
				INFOPLIST_KEY_UISupportedInterfaceOrientations_iPhone = UIInterfaceOrientationPortrait;
				LD_RUNPATH_SEARCH_PATHS = (
					"$(inherited)",
					"@executable_path/Frameworks",
				);
				MARKETING_VERSION = 1.0;
				PRODUCT_BUNDLE_IDENTIFIER = org.refirio.age;
				PRODUCT_NAME = "$(TARGET_NAME)";
				SWIFT_EMIT_LOC_STRINGS = YES;
				SWIFT_VERSION = 5.0;
				TARGETED_DEVICE_FAMILY = "1,2";
			};
			name = Debug;
		};
		03832C7427A5134E008F6399 /* Release */ = {
			isa = XCBuildConfiguration;
			buildSettings = {
				ASSETCATALOG_COMPILER_APPICON_NAME = AppIcon;
				ASSETCATALOG_COMPILER_GLOBAL_ACCENT_COLOR_NAME = AccentColor;
				CODE_SIGN_STYLE = Automatic;
				CURRENT_PROJECT_VERSION = 1;
				DEVELOPMENT_ASSET_PATHS = "\"age/Preview Content\"";
				DEVELOPMENT_TEAM = HEZ8494358;
				ENABLE_PREVIEWS = YES;
				GENERATE_INFOPLIST_FILE = YES;
				INFOPLIST_KEY_UIApplicationSceneManifest_Generation = YES;
				INFOPLIST_KEY_UIApplicationSupportsIndirectInputEvents = YES;
				INFOPLIST_KEY_UILaunchScreen_Generation = YES;
				INFOPLIST_KEY_UISupportedInterfaceOrientations_iPad = "UIInterfaceOrientationPortrait UIInterfaceOrientationPortraitUpsideDown UIInterfaceOrientationLandscapeLeft UIInterfaceOrientationLandscapeRight";
				INFOPLIST_KEY_UISupportedInterfaceOrientations_iPhone = UIInterfaceOrientationPortrait;
				LD_RUNPATH_SEARCH_PATHS = (
					"$(inherited)",
					"@executable_path/Frameworks",
				);
				MARKETING_VERSION = 1.0;
				PRODUCT_BUNDLE_IDENTIFIER = org.refirio.age;
				PRODUCT_NAME = "$(TARGET_NAME)";
				SWIFT_EMIT_LOC_STRINGS = YES;
				SWIFT_VERSION = 5.0;
				TARGETED_DEVICE_FAMILY = "1,2";
			};
			name = Release;
		};
		03832C7627A5134E008F6399 /* Debug */ = {
			isa = XCBuildConfiguration;
			buildSettings = {
				ALWAYS_EMBED_SWIFT_STANDARD_LIBRARIES = YES;
				BUNDLE_LOADER = "$(TEST_HOST)";
				CODE_SIGN_STYLE = Automatic;
				CURRENT_PROJECT_VERSION = 1;
				DEVELOPMENT_TEAM = HEZ8494358;
				GENERATE_INFOPLIST_FILE = YES;
				IPHONEOS_DEPLOYMENT_TARGET = 15.0;
				LD_RUNPATH_SEARCH_PATHS = (
					"$(inherited)",
					"@executable_path/Frameworks",
					"@loader_path/Frameworks",
				);
				MARKETING_VERSION = 1.0;
				PRODUCT_BUNDLE_IDENTIFIER = org.refirio.ageTests;
				PRODUCT_NAME = "$(TARGET_NAME)";
				SWIFT_EMIT_LOC_STRINGS = NO;
				SWIFT_VERSION = 5.0;
				TARGETED_DEVICE_FAMILY = "1,2";
				TEST_HOST = "$(BUILT_PRODUCTS_DIR)/age.app/age";
			};
			name = Debug;
		};
		03832C7727A5134E008F6399 /* Release */ = {
			isa = XCBuildConfiguration;
			buildSettings = {
				ALWAYS_EMBED_SWIFT_STANDARD_LIBRARIES = YES;
				BUNDLE_LOADER = "$(TEST_HOST)";
				CODE_SIGN_STYLE = Automatic;
				CURRENT_PROJECT_VERSION = 1;
				DEVELOPMENT_TEAM = HEZ8494358;
				GENERATE_INFOPLIST_FILE = YES;
				IPHONEOS_DEPLOYMENT_TARGET = 15.0;
				LD_RUNPATH_SEARCH_PATHS = (
					"$(inherited)",
					"@executable_path/Frameworks",
					"@loader_path/Frameworks",
				);
				MARKETING_VERSION = 1.0;
				PRODUCT_BUNDLE_IDENTIFIER = org.refirio.ageTests;
				PRODUCT_NAME = "$(TARGET_NAME)";
				SWIFT_EMIT_LOC_STRINGS = NO;
				SWIFT_VERSION = 5.0;
				TARGETED_DEVICE_FAMILY = "1,2";
				TEST_HOST = "$(BUILT_PRODUCTS_DIR)/age.app/age";
			};
			name = Release;
		};
		03832C7927A5134E008F6399 /* Debug */ = {
			isa = XCBuildConfiguration;
			buildSettings = {
				ALWAYS_EMBED_SWIFT_STANDARD_LIBRARIES = YES;
				CODE_SIGN_STYLE = Automatic;
				CURRENT_PROJECT_VERSION = 1;
				DEVELOPMENT_TEAM = HEZ8494358;
				GENERATE_INFOPLIST_FILE = YES;
				LD_RUNPATH_SEARCH_PATHS = (
					"$(inherited)",
					"@executable_path/Frameworks",
					"@loader_path/Frameworks",
				);
				MARKETING_VERSION = 1.0;
				PRODUCT_BUNDLE_IDENTIFIER = org.refirio.ageUITests;
				PRODUCT_NAME = "$(TARGET_NAME)";
				SWIFT_EMIT_LOC_STRINGS = NO;
				SWIFT_VERSION = 5.0;
				TARGETED_DEVICE_FAMILY = "1,2";
				TEST_TARGET_NAME = age;
			};
			name = Debug;
		};
		03832C7A27A5134E008F6399 /* Release */ = {
			isa = XCBuildConfiguration;
			buildSettings = {
				ALWAYS_EMBED_SWIFT_STANDARD_LIBRARIES = YES;
				CODE_SIGN_STYLE = Automatic;
				CURRENT_PROJECT_VERSION = 1;
				DEVELOPMENT_TEAM = HEZ8494358;
				GENERATE_INFOPLIST_FILE = YES;
				LD_RUNPATH_SEARCH_PATHS = (
					"$(inherited)",
					"@executable_path/Frameworks",
					"@loader_path/Frameworks",
				);
				MARKETING_VERSION = 1.0;
				PRODUCT_BUNDLE_IDENTIFIER = org.refirio.ageUITests;
				PRODUCT_NAME = "$(TARGET_NAME)";
				SWIFT_EMIT_LOC_STRINGS = NO;
				SWIFT_VERSION = 5.0;
				TARGETED_DEVICE_FAMILY = "1,2";
				TEST_TARGET_NAME = age;
			};
			name = Release;
		};
/* End XCBuildConfiguration section */

/* Begin XCConfigurationList section */
		03832C4927A5134B008F6399 /* Build configuration list for PBXProject "age" */ = {
			isa = XCConfigurationList;
			buildConfigurations = (
				03832C7027A5134E008F6399 /* Debug */,
				03832C7127A5134E008F6399 /* Release */,
			);
			defaultConfigurationIsVisible = 0;
			defaultConfigurationName = Release;
		};
		03832C7227A5134E008F6399 /* Build configuration list for PBXNativeTarget "age" */ = {
			isa = XCConfigurationList;
			buildConfigurations = (
				03832C7327A5134E008F6399 /* Debug */,
				03832C7427A5134E008F6399 /* Release */,
			);
			defaultConfigurationIsVisible = 0;
			defaultConfigurationName = Release;
		};
		03832C7527A5134E008F6399 /* Build configuration list for PBXNativeTarget "ageTests" */ = {
			isa = XCConfigurationList;
			buildConfigurations = (
				03832C7627A5134E008F6399 /* Debug */,
				03832C7727A5134E008F6399 /* Release */,
			);
			defaultConfigurationIsVisible = 0;
			defaultConfigurationName = Release;
		};
		03832C7827A5134E008F6399 /* Build configuration list for PBXNativeTarget "ageUITests" */ = {
			isa = XCConfigurationList;
			buildConfigurations = (
				03832C7927A5134E008F6399 /* Debug */,
				03832C7A27A5134E008F6399 /* Release */,
			);
			defaultConfigurationIsVisible = 0;
			defaultConfigurationName = Release;
		};
/* End XCConfigurationList section */
	};
	rootObject = 03832C4627A5134B008F6399 /* Project object */;
}
